// !$*UTF8*$!
{
	archiveVersion = 1;
	classes = {
	};
	objectVersion = 46;
	objects = {

/* Begin PBXBuildFile section */
		DE014BDC1CEFE552006BE4F4 /* FBSDKCoreKit.framework in Frameworks */ = {isa = PBXBuildFile; fileRef = DE014BDA1CEFE552006BE4F4 /* FBSDKCoreKit.framework */; };
		DE014BDD1CEFE552006BE4F4 /* FBSDKLoginKit.framework in Frameworks */ = {isa = PBXBuildFile; fileRef = DE014BDB1CEFE552006BE4F4 /* FBSDKLoginKit.framework */; };
		DE014BDF1CF38E24006BE4F4 /* StudentData.swift in Sources */ = {isa = PBXBuildFile; fileRef = DE014BDE1CF38E24006BE4F4 /* StudentData.swift */; };
		DE0A82591CC40FBF001197B6 /* StudentConvenience.swift in Sources */ = {isa = PBXBuildFile; fileRef = DE0A82581CC40FBF001197B6 /* StudentConvenience.swift */; };
		DE0A825B1CC4129D001197B6 /* StudentClient.swift in Sources */ = {isa = PBXBuildFile; fileRef = DE0A825A1CC4129D001197B6 /* StudentClient.swift */; };
		DE252D4F1CDA96DF000C2592 /* AddURLViewController.swift in Sources */ = {isa = PBXBuildFile; fileRef = DE252D4E1CDA96DF000C2592 /* AddURLViewController.swift */; };
		DE326C451CA47A7A00D149D2 /* LoginViewController.swift in Sources */ = {isa = PBXBuildFile; fileRef = DE326C441CA47A7A00D149D2 /* LoginViewController.swift */; };
		DE326C471CA47AA400D149D2 /* MapViewController.swift in Sources */ = {isa = PBXBuildFile; fileRef = DE326C461CA47AA400D149D2 /* MapViewController.swift */; };
		DE326C491CA47AB900D149D2 /* TableViewViewController.swift in Sources */ = {isa = PBXBuildFile; fileRef = DE326C481CA47AB900D149D2 /* TableViewViewController.swift */; };
		DE326C4B1CA47AD400D149D2 /* InformationPostingViewController.swift in Sources */ = {isa = PBXBuildFile; fileRef = DE326C4A1CA47AD400D149D2 /* InformationPostingViewController.swift */; };
		DE9DFDE61CD40CCC0072445C /* Constants .swift in Sources */ = {isa = PBXBuildFile; fileRef = DE9DFDE51CD40CCC0072445C /* Constants .swift */; };
		DEA5E5751CE90D9A007DF37C /* ErrorHandling.swift in Sources */ = {isa = PBXBuildFile; fileRef = DEA5E5741CE90D9A007DF37C /* ErrorHandling.swift */; };
		DEBED06E1CA3455200AC1EE0 /* AppDelegate.swift in Sources */ = {isa = PBXBuildFile; fileRef = DEBED06D1CA3455200AC1EE0 /* AppDelegate.swift */; };
		DEBED0731CA3455200AC1EE0 /* Main.storyboard in Resources */ = {isa = PBXBuildFile; fileRef = DEBED0711CA3455200AC1EE0 /* Main.storyboard */; };
		DEBED0751CA3455200AC1EE0 /* Assets.xcassets in Resources */ = {isa = PBXBuildFile; fileRef = DEBED0741CA3455200AC1EE0 /* Assets.xcassets */; };
		DEBED0781CA3455200AC1EE0 /* LaunchScreen.storyboard in Resources */ = {isa = PBXBuildFile; fileRef = DEBED0761CA3455200AC1EE0 /* LaunchScreen.storyboard */; };
		DEC36CF21CA9CA9C008BF861 /* Student.swift in Sources */ = {isa = PBXBuildFile; fileRef = DEC36CF11CA9CA9C008BF861 /* Student.swift */; };
/* End PBXBuildFile section */

/* Begin PBXFileReference section */
		DE014BDA1CEFE552006BE4F4 /* FBSDKCoreKit.framework */ = {isa = PBXFileReference; lastKnownFileType = wrapper.framework; path = FBSDKCoreKit.framework; sourceTree = "<group>"; };
		DE014BDB1CEFE552006BE4F4 /* FBSDKLoginKit.framework */ = {isa = PBXFileReference; lastKnownFileType = wrapper.framework; path = FBSDKLoginKit.framework; sourceTree = "<group>"; };
		DE014BDE1CF38E24006BE4F4 /* StudentData.swift */ = {isa = PBXFileReference; fileEncoding = 4; lastKnownFileType = sourcecode.swift; path = StudentData.swift; sourceTree = "<group>"; };
		DE0A82581CC40FBF001197B6 /* StudentConvenience.swift */ = {isa = PBXFileReference; fileEncoding = 4; lastKnownFileType = sourcecode.swift; path = StudentConvenience.swift; sourceTree = SOURCE_ROOT; };
		DE0A825A1CC4129D001197B6 /* StudentClient.swift */ = {isa = PBXFileReference; fileEncoding = 4; lastKnownFileType = sourcecode.swift; path = StudentClient.swift; sourceTree = "<group>"; };
		DE252D4E1CDA96DF000C2592 /* AddURLViewController.swift */ = {isa = PBXFileReference; fileEncoding = 4; lastKnownFileType = sourcecode.swift; path = AddURLViewController.swift; sourceTree = "<group>"; };
		DE326C441CA47A7A00D149D2 /* LoginViewController.swift */ = {isa = PBXFileReference; fileEncoding = 4; lastKnownFileType = sourcecode.swift; path = LoginViewController.swift; sourceTree = "<group>"; };
		DE326C461CA47AA400D149D2 /* MapViewController.swift */ = {isa = PBXFileReference; fileEncoding = 4; lastKnownFileType = sourcecode.swift; path = MapViewController.swift; sourceTree = "<group>"; };
		DE326C481CA47AB900D149D2 /* TableViewViewController.swift */ = {isa = PBXFileReference; fileEncoding = 4; lastKnownFileType = sourcecode.swift; path = TableViewViewController.swift; sourceTree = "<group>"; };
		DE326C4A1CA47AD400D149D2 /* InformationPostingViewController.swift */ = {isa = PBXFileReference; fileEncoding = 4; lastKnownFileType = sourcecode.swift; path = InformationPostingViewController.swift; sourceTree = "<group>"; };
		DE9DFDE51CD40CCC0072445C /* Constants .swift */ = {isa = PBXFileReference; fileEncoding = 4; lastKnownFileType = sourcecode.swift; path = "Constants .swift"; sourceTree = "<group>"; };
		DEA5E5741CE90D9A007DF37C /* ErrorHandling.swift */ = {isa = PBXFileReference; fileEncoding = 4; lastKnownFileType = sourcecode.swift; path = ErrorHandling.swift; sourceTree = "<group>"; };
		DEBED06A1CA3455100AC1EE0 /* On the Map.app */ = {isa = PBXFileReference; explicitFileType = wrapper.application; includeInIndex = 0; path = "On the Map.app"; sourceTree = BUILT_PRODUCTS_DIR; };
		DEBED06D1CA3455200AC1EE0 /* AppDelegate.swift */ = {isa = PBXFileReference; lastKnownFileType = sourcecode.swift; path = AppDelegate.swift; sourceTree = "<group>"; };
		DEBED0721CA3455200AC1EE0 /* Base */ = {isa = PBXFileReference; lastKnownFileType = file.storyboard; name = Base; path = Base.lproj/Main.storyboard; sourceTree = "<group>"; };
		DEBED0741CA3455200AC1EE0 /* Assets.xcassets */ = {isa = PBXFileReference; lastKnownFileType = folder.assetcatalog; path = Assets.xcassets; sourceTree = "<group>"; };
		DEBED0771CA3455200AC1EE0 /* Base */ = {isa = PBXFileReference; lastKnownFileType = file.storyboard; name = Base; path = Base.lproj/LaunchScreen.storyboard; sourceTree = "<group>"; };
		DEBED0791CA3455200AC1EE0 /* Info.plist */ = {isa = PBXFileReference; lastKnownFileType = text.plist.xml; path = Info.plist; sourceTree = "<group>"; };
		DEC36CF11CA9CA9C008BF861 /* Student.swift */ = {isa = PBXFileReference; fileEncoding = 4; lastKnownFileType = sourcecode.swift; path = Student.swift; sourceTree = "<group>"; };
/* End PBXFileReference section */

/* Begin PBXFrameworksBuildPhase section */
		DEBED0671CA3455100AC1EE0 /* Frameworks */ = {
			isa = PBXFrameworksBuildPhase;
			buildActionMask = 2147483647;
			files = (
				DE014BDD1CEFE552006BE4F4 /* FBSDKLoginKit.framework in Frameworks */,
				DE014BDC1CEFE552006BE4F4 /* FBSDKCoreKit.framework in Frameworks */,
			);
			runOnlyForDeploymentPostprocessing = 0;
		};
/* End PBXFrameworksBuildPhase section */

/* Begin PBXGroup section */
		DE0A82571CC40F93001197B6 /* Model */ = {
			isa = PBXGroup;
			children = (
				DEC36CF11CA9CA9C008BF861 /* Student.swift */,
				DE0A825A1CC4129D001197B6 /* StudentClient.swift */,
				DE014BDE1CF38E24006BE4F4 /* StudentData.swift */,
				DEA5E5741CE90D9A007DF37C /* ErrorHandling.swift */,
				DE0A82581CC40FBF001197B6 /* StudentConvenience.swift */,
				DE9DFDE51CD40CCC0072445C /* Constants .swift */,
			);
			name = Model;
			sourceTree = "<group>";
		};
		DE326C411CA478C700D149D2 /* ViewControllers */ = {
			isa = PBXGroup;
			children = (
				DE326C441CA47A7A00D149D2 /* LoginViewController.swift */,
				DE326C461CA47AA400D149D2 /* MapViewController.swift */,
				DE326C481CA47AB900D149D2 /* TableViewViewController.swift */,
				DE326C4A1CA47AD400D149D2 /* InformationPostingViewController.swift */,
				DE252D4E1CDA96DF000C2592 /* AddURLViewController.swift */,
			);
			name = ViewControllers;
			sourceTree = "<group>";
		};
		DEBED0611CA3455100AC1EE0 = {
			isa = PBXGroup;
			children = (
				DEBED06C1CA3455100AC1EE0 /* On the Map */,
				DEBED06B1CA3455100AC1EE0 /* Products */,
				DE014BDA1CEFE552006BE4F4 /* FBSDKCoreKit.framework */,
				DE014BDB1CEFE552006BE4F4 /* FBSDKLoginKit.framework */,
			);
			sourceTree = "<group>";
		};
		DEBED06B1CA3455100AC1EE0 /* Products */ = {
			isa = PBXGroup;
			children = (
				DEBED06A1CA3455100AC1EE0 /* On the Map.app */,
			);
			name = Products;
			sourceTree = "<group>";
		};
		DEBED06C1CA3455100AC1EE0 /* On the Map */ = {
			isa = PBXGroup;
			children = (
				DEBED06D1CA3455200AC1EE0 /* AppDelegate.swift */,
				DE0A82571CC40F93001197B6 /* Model */,
				DE326C411CA478C700D149D2 /* ViewControllers */,
				DEBED0711CA3455200AC1EE0 /* Main.storyboard */,
				DEBED0741CA3455200AC1EE0 /* Assets.xcassets */,
				DEBED0761CA3455200AC1EE0 /* LaunchScreen.storyboard */,
				DEBED0791CA3455200AC1EE0 /* Info.plist */,
			);
			path = "On the Map";
			sourceTree = "<group>";
		};
/* End PBXGroup section */

/* Begin PBXNativeTarget section */
		DEBED0691CA3455100AC1EE0 /* On the Map */ = {
			isa = PBXNativeTarget;
			buildConfigurationList = DEBED07C1CA3455200AC1EE0 /* Build configuration list for PBXNativeTarget "On the Map" */;
			buildPhases = (
				DEBED0661CA3455100AC1EE0 /* Sources */,
				DEBED0671CA3455100AC1EE0 /* Frameworks */,
				DEBED0681CA3455100AC1EE0 /* Resources */,
			);
			buildRules = (
			);
			dependencies = (
			);
			name = "On the Map";
			productName = "On the Map";
			productReference = DEBED06A1CA3455100AC1EE0 /* On the Map.app */;
			productType = "com.apple.product-type.application";
		};
/* End PBXNativeTarget section */

/* Begin PBXProject section */
		DEBED0621CA3455100AC1EE0 /* Project object */ = {
			isa = PBXProject;
			attributes = {
				LastSwiftUpdateCheck = 0720;
				LastUpgradeCheck = 0720;
				ORGANIZATIONNAME = "Rachel Paturi";
				TargetAttributes = {
					DEBED0691CA3455100AC1EE0 = {
						CreatedOnToolsVersion = 7.2.1;
					};
				};
			};
			buildConfigurationList = DEBED0651CA3455100AC1EE0 /* Build configuration list for PBXProject "On the Map" */;
			compatibilityVersion = "Xcode 3.2";
			developmentRegion = English;
			hasScannedForEncodings = 0;
			knownRegions = (
				en,
				Base,
			);
			mainGroup = DEBED0611CA3455100AC1EE0;
			productRefGroup = DEBED06B1CA3455100AC1EE0 /* Products */;
			projectDirPath = "";
			projectRoot = "";
			targets = (
				DEBED0691CA3455100AC1EE0 /* On the Map */,
			);
		};
/* End PBXProject section */

/* Begin PBXResourcesBuildPhase section */
		DEBED0681CA3455100AC1EE0 /* Resources */ = {
			isa = PBXResourcesBuildPhase;
			buildActionMask = 2147483647;
			files = (
				DEBED0781CA3455200AC1EE0 /* LaunchScreen.storyboard in Resources */,
				DEBED0751CA3455200AC1EE0 /* Assets.xcassets in Resources */,
				DEBED0731CA3455200AC1EE0 /* Main.storyboard in Resources */,
			);
			runOnlyForDeploymentPostprocessing = 0;
		};
/* End PBXResourcesBuildPhase section */

/* Begin PBXSourcesBuildPhase section */
		DEBED0661CA3455100AC1EE0 /* Sources */ = {
			isa = PBXSourcesBuildPhase;
			buildActionMask = 2147483647;
			files = (
				DE252D4F1CDA96DF000C2592 /* AddURLViewController.swift in Sources */,
				DE326C4B1CA47AD400D149D2 /* InformationPostingViewController.swift in Sources */,
				DE0A82591CC40FBF001197B6 /* StudentConvenience.swift in Sources */,
				DE014BDF1CF38E24006BE4F4 /* StudentData.swift in Sources */,
				DEC36CF21CA9CA9C008BF861 /* Student.swift in Sources */,
				DE326C451CA47A7A00D149D2 /* LoginViewController.swift in Sources */,
				DE0A825B1CC4129D001197B6 /* StudentClient.swift in Sources */,
				DEA5E5751CE90D9A007DF37C /* ErrorHandling.swift in Sources */,
				DEBED06E1CA3455200AC1EE0 /* AppDelegate.swift in Sources */,
				DE326C471CA47AA400D149D2 /* MapViewController.swift in Sources */,
				DE9DFDE61CD40CCC0072445C /* Constants .swift in Sources */,
				DE326C491CA47AB900D149D2 /* TableViewViewController.swift in Sources */,
			);
			runOnlyForDeploymentPostprocessing = 0;
		};
/* End PBXSourcesBuildPhase section */

/* Begin PBXVariantGroup section */
		DEBED0711CA3455200AC1EE0 /* Main.storyboard */ = {
			isa = PBXVariantGroup;
			children = (
				DEBED0721CA3455200AC1EE0 /* Base */,
			);
			name = Main.storyboard;
			sourceTree = "<group>";
		};
		DEBED0761CA3455200AC1EE0 /* LaunchScreen.storyboard */ = {
			isa = PBXVariantGroup;
			children = (
				DEBED0771CA3455200AC1EE0 /* Base */,
			);
			name = LaunchScreen.storyboard;
			sourceTree = "<group>";
		};
/* End PBXVariantGroup section */

/* Begin XCBuildConfiguration section */
		DEBED07A1CA3455200AC1EE0 /* Debug */ = {
			isa = XCBuildConfiguration;
			buildSettings = {
				ALWAYS_SEARCH_USER_PATHS = NO;
				CLANG_CXX_LANGUAGE_STANDARD = "gnu++0x";
				CLANG_CXX_LIBRARY = "libc++";
				CLANG_ENABLE_MODULES = YES;
				CLANG_ENABLE_OBJC_ARC = YES;
				CLANG_WARN_BOOL_CONVERSION = YES;
				CLANG_WARN_CONSTANT_CONVERSION = YES;
				CLANG_WARN_DIRECT_OBJC_ISA_USAGE = YES_ERROR;
				CLANG_WARN_EMPTY_BODY = YES;
				CLANG_WARN_ENUM_CONVERSION = YES;
				CLANG_WARN_INT_CONVERSION = YES;
				CLANG_WARN_OBJC_ROOT_CLASS = YES_ERROR;
				CLANG_WARN_UNREACHABLE_CODE = YES;
				CLANG_WARN__DUPLICATE_METHOD_MATCH = YES;
				"CODE_SIGN_IDENTITY[sdk=iphoneos*]" = "iPhone Developer";
				COPY_PHASE_STRIP = NO;
				DEBUG_INFORMATION_FORMAT = dwarf;
				ENABLE_STRICT_OBJC_MSGSEND = YES;
				ENABLE_TESTABILITY = YES;
				GCC_C_LANGUAGE_STANDARD = gnu99;
				GCC_DYNAMIC_NO_PIC = NO;
				GCC_NO_COMMON_BLOCKS = YES;
				GCC_OPTIMIZATION_LEVEL = 0;
				GCC_PREPROCESSOR_DEFINITIONS = (
					"DEBUG=1",
					"$(inherited)",
				);
				GCC_WARN_64_TO_32_BIT_CONVERSION = YES;
				GCC_WARN_ABOUT_RETURN_TYPE = YES_ERROR;
				GCC_WARN_UNDECLARED_SELECTOR = YES;
				GCC_WARN_UNINITIALIZED_AUTOS = YES_AGGRESSIVE;
				GCC_WARN_UNUSED_FUNCTION = YES;
				GCC_WARN_UNUSED_VARIABLE = YES;
				IPHONEOS_DEPLOYMENT_TARGET = 9.2;
				MTL_ENABLE_DEBUG_INFO = YES;
				ONLY_ACTIVE_ARCH = YES;
				SDKROOT = iphoneos;
				SWIFT_OPTIMIZATION_LEVEL = "-Onone";
			};
			name = Debug;
		};
		DEBED07B1CA3455200AC1EE0 /* Release */ = {
			isa = XCBuildConfiguration;
			buildSettings = {
				ALWAYS_SEARCH_USER_PATHS = NO;
				CLANG_CXX_LANGUAGE_STANDARD = "gnu++0x";
				CLANG_CXX_LIBRARY = "libc++";
				CLANG_ENABLE_MODULES = YES;
				CLANG_ENABLE_OBJC_ARC = YES;
				CLANG_WARN_BOOL_CONVERSION = YES;
				CLANG_WARN_CONSTANT_CONVERSION = YES;
				CLANG_WARN_DIRECT_OBJC_ISA_USAGE = YES_ERROR;
				CLANG_WARN_EMPTY_BODY = YES;
				CLANG_WARN_ENUM_CONVERSION = YES;
				CLANG_WARN_INT_CONVERSION = YES;
				CLANG_WARN_OBJC_ROOT_CLASS = YES_ERROR;
				CLANG_WARN_UNREACHABLE_CODE = YES;
				CLANG_WARN__DUPLICATE_METHOD_MATCH = YES;
				"CODE_SIGN_IDENTITY[sdk=iphoneos*]" = "iPhone Developer";
				COPY_PHASE_STRIP = NO;
				DEBUG_INFORMATION_FORMAT = "dwarf-with-dsym";
				ENABLE_NS_ASSERTIONS = NO;
				ENABLE_STRICT_OBJC_MSGSEND = YES;
				GCC_C_LANGUAGE_STANDARD = gnu99;
				GCC_NO_COMMON_BLOCKS = YES;
				GCC_WARN_64_TO_32_BIT_CONVERSION = YES;
				GCC_WARN_ABOUT_RETURN_TYPE = YES_ERROR;
				GCC_WARN_UNDECLARED_SELECTOR = YES;
				GCC_WARN_UNINITIALIZED_AUTOS = YES_AGGRESSIVE;
				GCC_WARN_UNUSED_FUNCTION = YES;
				GCC_WARN_UNUSED_VARIABLE = YES;
				IPHONEOS_DEPLOYMENT_TARGET = 9.2;
				MTL_ENABLE_DEBUG_INFO = NO;
				SDKROOT = iphoneos;
				VALIDATE_PRODUCT = YES;
			};
			name = Release;
		};
		DEBED07D1CA3455200AC1EE0 /* Debug */ = {
			isa = XCBuildConfiguration;
			buildSettings = {
				ASSETCATALOG_COMPILER_APPICON_NAME = AppIcon;
				FRAMEWORK_SEARCH_PATHS = (
					"$(inherited)",
					"$(PROJECT_DIR)/On",
					the,
					Map,
					"$(PROJECT_DIR)",
				);
				INFOPLIST_FILE = "On the Map/Info.plist";
				LD_RUNPATH_SEARCH_PATHS = "$(inherited) @executable_path/Frameworks";
				PRODUCT_BUNDLE_IDENTIFIER = "com.rachelpaturi.On-the-Map";
				PRODUCT_NAME = "$(TARGET_NAME)";
			};
			name = Debug;
		};
		DEBED07E1CA3455200AC1EE0 /* Release */ = {
			isa = XCBuildConfiguration;
			buildSettings = {
				ASSETCATALOG_COMPILER_APPICON_NAME = AppIcon;
				FRAMEWORK_SEARCH_PATHS = (
					"$(inherited)",
					"$(PROJECT_DIR)/On",
					the,
					Map,
					"$(PROJECT_DIR)",
				);
				INFOPLIST_FILE = "On the Map/Info.plist";
				LD_RUNPATH_SEARCH_PATHS = "$(inherited) @executable_path/Frameworks";
				PRODUCT_BUNDLE_IDENTIFIER = "com.rachelpaturi.On-the-Map";
				PRODUCT_NAME = "$(TARGET_NAME)";
			};
			name = Release;
		};
/* End XCBuildConfiguration section */

/* Begin XCConfigurationList section */
		DEBED0651CA3455100AC1EE0 /* Build configuration list for PBXProject "On the Map" */ = {
			isa = XCConfigurationList;
			buildConfigurations = (
				DEBED07A1CA3455200AC1EE0 /* Debug */,
				DEBED07B1CA3455200AC1EE0 /* Release */,
			);
			defaultConfigurationIsVisible = 0;
			defaultConfigurationName = Release;
		};
		DEBED07C1CA3455200AC1EE0 /* Build configuration list for PBXNativeTarget "On the Map" */ = {
			isa = XCConfigurationList;
			buildConfigurations = (
				DEBED07D1CA3455200AC1EE0 /* Debug */,
				DEBED07E1CA3455200AC1EE0 /* Release */,
			);
			defaultConfigurationIsVisible = 0;
			defaultConfigurationName = Release;
		};
/* End XCConfigurationList section */
	};
	rootObject = DEBED0621CA3455100AC1EE0 /* Project object */;
}
